
Microsoft Visual Studio Solution File, Format Version 12.00
# Visual Studio 15
Project("{FAE04EC0-301F-11D3-BF4B-00C04F79EFBC}") = "TeBS.Android", "TeBS.Android\TeBS.Android.csproj", "{8E24EEE9-EDAB-4EA5-BB67-6AA326164AF5}"
EndProject
Project("{FAE04EC0-301F-11D3-BF4B-00C04F79EFBC}") = "TeBS.iOS", "TeBS.iOS\TeBS.iOS.csproj", "{773F0CA0-EAF9-4736-9DF0-E13D84C766C7}"
EndProject
Project("{FAE04EC0-301F-11D3-BF4B-00C04F79EFBC}") = "TeBS", "TeBS\TeBS.csproj", "{D35DDEC6-7A87-4E9C-B218-B520441E7229}"
EndProject
Global
	GlobalSection(SolutionConfigurationPlatforms) = preSolution
		Debug|Any CPU = Debug|Any CPU
		Release|Any CPU = Release|Any CPU
		Debug|iPhoneSimulator = Debug|iPhoneSimulator
		Release|iPhoneSimulator = Release|iPhoneSimulator
		Debug|iPhone = Debug|iPhone
		Release|iPhone = Release|iPhone
	EndGlobalSection
	GlobalSection(ProjectConfigurationPlatforms) = postSolution
		{8E24EEE9-EDAB-4EA5-BB67-6AA326164AF5}.Debug|Any CPU.ActiveCfg = Debug|Any CPU
		{8E24EEE9-EDAB-4EA5-BB67-6AA326164AF5}.Debug|Any CPU.Build.0 = Debug|Any CPU
		{8E24EEE9-EDAB-4EA5-BB67-6AA326164AF5}.Release|Any CPU.ActiveCfg = Release|Any CPU
		{8E24EEE9-EDAB-4EA5-BB67-6AA326164AF5}.Release|Any CPU.Build.0 = Release|Any CPU
		{8E24EEE9-EDAB-4EA5-BB67-6AA326164AF5}.Debug|iPhoneSimulator.ActiveCfg = Debug|Any CPU
		{8E24EEE9-EDAB-4EA5-BB67-6AA326164AF5}.Debug|iPhoneSimulator.Build.0 = Debug|Any CPU
		{8E24EEE9-EDAB-4EA5-BB67-6AA326164AF5}.Release|iPhoneSimulator.ActiveCfg = Release|Any CPU
		{8E24EEE9-EDAB-4EA5-BB67-6AA326164AF5}.Release|iPhoneSimulator.Build.0 = Release|Any CPU
		{8E24EEE9-EDAB-4EA5-BB67-6AA326164AF5}.Debug|iPhone.ActiveCfg = Debug|Any CPU
		{8E24EEE9-EDAB-4EA5-BB67-6AA326164AF5}.Debug|iPhone.Build.0 = Debug|Any CPU
		{8E24EEE9-EDAB-4EA5-BB67-6AA326164AF5}.Release|iPhone.ActiveCfg = Release|Any CPU
		{8E24EEE9-EDAB-4EA5-BB67-6AA326164AF5}.Release|iPhone.Build.0 = Release|Any CPU
		{773F0CA0-EAF9-4736-9DF0-E13D84C766C7}.Debug|Any CPU.ActiveCfg = Debug|iPhoneSimulator
		{773F0CA0-EAF9-4736-9DF0-E13D84C766C7}.Debug|Any CPU.Build.0 = Debug|iPhoneSimulator
		{773F0CA0-EAF9-4736-9DF0-E13D84C766C7}.Release|Any CPU.ActiveCfg = Release|iPhoneSimulator
		{773F0CA0-EAF9-4736-9DF0-E13D84C766C7}.Release|Any CPU.Build.0 = Release|iPhoneSimulator
		{773F0CA0-EAF9-4736-9DF0-E13D84C766C7}.Debug|iPhoneSimulator.ActiveCfg = Debug|iPhoneSimulator
		{773F0CA0-EAF9-4736-9DF0-E13D84C766C7}.Debug|iPhoneSimulator.Build.0 = Debug|iPhoneSimulator
		{773F0CA0-EAF9-4736-9DF0-E13D84C766C7}.Release|iPhoneSimulator.ActiveCfg = Release|iPhoneSimulator
		{773F0CA0-EAF9-4736-9DF0-E13D84C766C7}.Release|iPhoneSimulator.Build.0 = Release|iPhoneSimulator
		{773F0CA0-EAF9-4736-9DF0-E13D84C766C7}.Debug|iPhone.ActiveCfg = Debug|iPhone
		{773F0CA0-EAF9-4736-9DF0-E13D84C766C7}.Debug|iPhone.Build.0 = Debug|iPhone
		{773F0CA0-EAF9-4736-9DF0-E13D84C766C7}.Release|iPhone.ActiveCfg = Release|iPhone
		{773F0CA0-EAF9-4736-9DF0-E13D84C766C7}.Release|iPhone.Build.0 = Release|iPhone
		{D35DDEC6-7A87-4E9C-B218-B520441E7229}.Debug|Any CPU.ActiveCfg = Debug|Any CPU
		{D35DDEC6-7A87-4E9C-B218-B520441E7229}.Debug|Any CPU.Build.0 = Debug|Any CPU
		{D35DDEC6-7A87-4E9C-B218-B520441E7229}.Release|Any CPU.ActiveCfg = Release|Any CPU
		{D35DDEC6-7A87-4E9C-B218-B520441E7229}.Release|Any CPU.Build.0 = Release|Any CPU
		{D35DDEC6-7A87-4E9C-B218-B520441E7229}.Debug|iPhoneSimulator.ActiveCfg = Debug|Any CPU
		{D35DDEC6-7A87-4E9C-B218-B520441E7229}.Debug|iPhoneSimulator.Build.0 = Debug|Any CPU
		{D35DDEC6-7A87-4E9C-B218-B520441E7229}.Release|iPhoneSimulator.ActiveCfg = Release|Any CPU
		{D35DDEC6-7A87-4E9C-B218-B520441E7229}.Release|iPhoneSimulator.Build.0 = Release|Any CPU
		{D35DDEC6-7A87-4E9C-B218-B520441E7229}.Debug|iPhone.ActiveCfg = Debug|Any CPU
		{D35DDEC6-7A87-4E9C-B218-B520441E7229}.Debug|iPhone.Build.0 = Debug|Any CPU
		{D35DDEC6-7A87-4E9C-B218-B520441E7229}.Release|iPhone.ActiveCfg = Release|Any CPU
		{D35DDEC6-7A87-4E9C-B218-B520441E7229}.Release|iPhone.Build.0 = Release|Any CPU
	EndGlobalSection
EndGlobal
